
Microsoft Visual Studio Solution File, Format Version 10.00
# Visual Studio 2008
Project("{8BC9CEB8-8B4A-11D0-8D11-00A0C91BC942}") = "PSNvidiaPlugin", "PSNvidiaPlugin\PSNvidiaPlugin.vcproj", "{61EA6F36-06FE-4F79-88CD-621B6058C48C}"
EndProject
Global
	GlobalSection(SolutionConfigurationPlatforms) = preSolution
		Debug|Win32 = Debug|Win32
		Release|Win32 = Release|Win32
	EndGlobalSection
	GlobalSection(ProjectConfigurationPlatforms) = postSolution
		{61EA6F36-06FE-4F79-88CD-621B6058C48C}.Debug|Win32.ActiveCfg = Debug|Win32
		{61EA6F36-06FE-4F79-88CD-621B6058C48C}.Debug|Win32.Build.0 = Debug|Win32
		{61EA6F36-06FE-4F79-88CD-621B6058C48C}.Release|Win32.ActiveCfg = Release|Win32
		{61EA6F36-06FE-4F79-88CD-621B6058C48C}.Release|Win32.Build.0 = Release|Win32
	EndGlobalSection
	GlobalSection(SolutionProperties) = preSolution
		HideSolutionNode = FALSE
	EndGlobalSection
EndGlobal
